// !$*UTF8*$!
{
	archiveVersion = 1;
	classes = {
	};
	objectVersion = 56;
	objects = {

/* Begin PBXBuildFile section */
		5E5A829B2BD3F6E8006379D5 /* AppDelegate.swift in Sources */ = {isa = PBXBuildFile; fileRef = 5E5A829A2BD3F6E8006379D5 /* AppDelegate.swift */; };
		5E5A829D2BD3F6E8006379D5 /* SceneDelegate.swift in Sources */ = {isa = PBXBuildFile; fileRef = 5E5A829C2BD3F6E8006379D5 /* SceneDelegate.swift */; };
		5E5A829F2BD3F6E8006379D5 /* HomeVC.swift in Sources */ = {isa = PBXBuildFile; fileRef = 5E5A829E2BD3F6E8006379D5 /* HomeVC.swift */; };
		5E5A82A22BD3F6E8006379D5 /* Main.storyboard in Resources */ = {isa = PBXBuildFile; fileRef = 5E5A82A02BD3F6E8006379D5 /* Main.storyboard */; };
		5E5A82A42BD3F6ED006379D5 /* Assets.xcassets in Resources */ = {isa = PBXBuildFile; fileRef = 5E5A82A32BD3F6ED006379D5 /* Assets.xcassets */; };
		5E5A82A72BD3F6ED006379D5 /* LaunchScreen.storyboard in Resources */ = {isa = PBXBuildFile; fileRef = 5E5A82A52BD3F6ED006379D5 /* LaunchScreen.storyboard */; };
		5E5A82B22BD3F6EE006379D5 /* Uber_UIKitTests.swift in Sources */ = {isa = PBXBuildFile; fileRef = 5E5A82B12BD3F6EE006379D5 /* Uber_UIKitTests.swift */; };
		5E5A82BC2BD3F6EE006379D5 /* Uber_UIKitUITests.swift in Sources */ = {isa = PBXBuildFile; fileRef = 5E5A82BB2BD3F6EE006379D5 /* Uber_UIKitUITests.swift */; };
		5E5A82BE2BD3F6EE006379D5 /* Uber_UIKitUITestsLaunchTests.swift in Sources */ = {isa = PBXBuildFile; fileRef = 5E5A82BD2BD3F6EE006379D5 /* Uber_UIKitUITestsLaunchTests.swift */; };
		5E5A82D52BD401FF006379D5 /* ServicesVC.swift in Sources */ = {isa = PBXBuildFile; fileRef = 5E5A82D42BD401FF006379D5 /* ServicesVC.swift */; };
		5E5A82D62BD401FF006379D5 /* ServicesVC.swift in Sources */ = {isa = PBXBuildFile; fileRef = 5E5A82D42BD401FF006379D5 /* ServicesVC.swift */; };
		5E5A82D72BD401FF006379D5 /* ServicesVC.swift in Sources */ = {isa = PBXBuildFile; fileRef = 5E5A82D42BD401FF006379D5 /* ServicesVC.swift */; };
		5E5A82D92BD4023A006379D5 /* ActivityVC.swift in Sources */ = {isa = PBXBuildFile; fileRef = 5E5A82D82BD4023A006379D5 /* ActivityVC.swift */; };
		5E5A82DA2BD4023A006379D5 /* ActivityVC.swift in Sources */ = {isa = PBXBuildFile; fileRef = 5E5A82D82BD4023A006379D5 /* ActivityVC.swift */; };
		5E5A82DB2BD4023A006379D5 /* ActivityVC.swift in Sources */ = {isa = PBXBuildFile; fileRef = 5E5A82D82BD4023A006379D5 /* ActivityVC.swift */; };
		5E5A82DD2BD40251006379D5 /* AccountVC.swift in Sources */ = {isa = PBXBuildFile; fileRef = 5E5A82DC2BD40251006379D5 /* AccountVC.swift */; };
		5E5A82DE2BD40251006379D5 /* AccountVC.swift in Sources */ = {isa = PBXBuildFile; fileRef = 5E5A82DC2BD40251006379D5 /* AccountVC.swift */; };
		5E5A82DF2BD40251006379D5 /* AccountVC.swift in Sources */ = {isa = PBXBuildFile; fileRef = 5E5A82DC2BD40251006379D5 /* AccountVC.swift */; };
		5E5A82F62BD5218C006379D5 /* Uber Move Bold.otf in Resources */ = {isa = PBXBuildFile; fileRef = 5E5A82F32BD5204F006379D5 /* Uber Move Bold.otf */; };
		5E5A82F72BD5218C006379D5 /* Uber Move Bold.ttf in Resources */ = {isa = PBXBuildFile; fileRef = 5E5A82F22BD5204E006379D5 /* Uber Move Bold.ttf */; };
		5E5A82F82BD5218C006379D5 /* Uber Move Medium.otf in Resources */ = {isa = PBXBuildFile; fileRef = 5E5A82F12BD5204E006379D5 /* Uber Move Medium.otf */; };
		5E5A82F92BD5218C006379D5 /* Uber Move Medium.ttf in Resources */ = {isa = PBXBuildFile; fileRef = 5E5A82F42BD5204F006379D5 /* Uber Move Medium.ttf */; };
		5E5A82FA2BD5218C006379D5 /* UberMoveBold.otf in Resources */ = {isa = PBXBuildFile; fileRef = 5E5A82F02BD5204E006379D5 /* UberMoveBold.otf */; };
		5E5A82FB2BD5218C006379D5 /* UberMoveMedium.otf in Resources */ = {isa = PBXBuildFile; fileRef = 5E5A82F52BD5204F006379D5 /* UberMoveMedium.otf */; };
		5E5A82FD2BD52363006379D5 /* ColorAssets.xcassets in Resources */ = {isa = PBXBuildFile; fileRef = 5E5A82FC2BD52363006379D5 /* ColorAssets.xcassets */; };
		5E5A82FF2BD527FE006379D5 /* HomeVC+TableView.swift in Sources */ = {isa = PBXBuildFile; fileRef = 5E5A82FE2BD527FE006379D5 /* HomeVC+TableView.swift */; };
		5E5A83012BD528FE006379D5 /* HomeVC+InitialSetup.swift in Sources */ = {isa = PBXBuildFile; fileRef = 5E5A83002BD528FE006379D5 /* HomeVC+InitialSetup.swift */; };
		5E5A83022BD528FE006379D5 /* HomeVC+InitialSetup.swift in Sources */ = {isa = PBXBuildFile; fileRef = 5E5A83002BD528FE006379D5 /* HomeVC+InitialSetup.swift */; };
		5E5A83032BD528FE006379D5 /* HomeVC+InitialSetup.swift in Sources */ = {isa = PBXBuildFile; fileRef = 5E5A83002BD528FE006379D5 /* HomeVC+InitialSetup.swift */; };
		5E5A83042BD52907006379D5 /* HomeVC+TableView.swift in Sources */ = {isa = PBXBuildFile; fileRef = 5E5A82FE2BD527FE006379D5 /* HomeVC+TableView.swift */; };
		5E5A83052BD52908006379D5 /* HomeVC+TableView.swift in Sources */ = {isa = PBXBuildFile; fileRef = 5E5A82FE2BD527FE006379D5 /* HomeVC+TableView.swift */; };
		5E5A830C2BD52B6B006379D5 /* EnterLocationPromptCell.swift in Sources */ = {isa = PBXBuildFile; fileRef = 5E5A830A2BD52B6B006379D5 /* EnterLocationPromptCell.swift */; };
		5E5A830D2BD52B6B006379D5 /* EnterLocationPromptCell.swift in Sources */ = {isa = PBXBuildFile; fileRef = 5E5A830A2BD52B6B006379D5 /* EnterLocationPromptCell.swift */; };
		5E5A830E2BD52B6B006379D5 /* EnterLocationPromptCell.swift in Sources */ = {isa = PBXBuildFile; fileRef = 5E5A830A2BD52B6B006379D5 /* EnterLocationPromptCell.swift */; };
		5E5A830F2BD52B6B006379D5 /* EnterLocationPromptCell.xib in Resources */ = {isa = PBXBuildFile; fileRef = 5E5A830B2BD52B6B006379D5 /* EnterLocationPromptCell.xib */; };
		5E5A83102BD52B6B006379D5 /* EnterLocationPromptCell.xib in Resources */ = {isa = PBXBuildFile; fileRef = 5E5A830B2BD52B6B006379D5 /* EnterLocationPromptCell.xib */; };
		5E5A83112BD52B6B006379D5 /* EnterLocationPromptCell.xib in Resources */ = {isa = PBXBuildFile; fileRef = 5E5A830B2BD52B6B006379D5 /* EnterLocationPromptCell.xib */; };
		5E5A831A2BD52E20006379D5 /* TableViewCellIdentifierEnums.swift in Sources */ = {isa = PBXBuildFile; fileRef = 5E5A83192BD52E20006379D5 /* TableViewCellIdentifierEnums.swift */; };
		5E5A831B2BD52E20006379D5 /* TableViewCellIdentifierEnums.swift in Sources */ = {isa = PBXBuildFile; fileRef = 5E5A83192BD52E20006379D5 /* TableViewCellIdentifierEnums.swift */; };
		5E5A831C2BD52E20006379D5 /* TableViewCellIdentifierEnums.swift in Sources */ = {isa = PBXBuildFile; fileRef = 5E5A83192BD52E20006379D5 /* TableViewCellIdentifierEnums.swift */; };
/* End PBXBuildFile section */

/* Begin PBXContainerItemProxy section */
		5E5A82AE2BD3F6EE006379D5 /* PBXContainerItemProxy */ = {
			isa = PBXContainerItemProxy;
			containerPortal = 5E5A828F2BD3F6E8006379D5 /* Project object */;
			proxyType = 1;
			remoteGlobalIDString = 5E5A82962BD3F6E8006379D5;
			remoteInfo = "Uber-UIKit";
		};
		5E5A82B82BD3F6EE006379D5 /* PBXContainerItemProxy */ = {
			isa = PBXContainerItemProxy;
			containerPortal = 5E5A828F2BD3F6E8006379D5 /* Project object */;
			proxyType = 1;
			remoteGlobalIDString = 5E5A82962BD3F6E8006379D5;
			remoteInfo = "Uber-UIKit";
		};
/* End PBXContainerItemProxy section */

/* Begin PBXFileReference section */
		5E5A82972BD3F6E8006379D5 /* Uber-UIKit.app */ = {isa = PBXFileReference; explicitFileType = wrapper.application; includeInIndex = 0; path = "Uber-UIKit.app"; sourceTree = BUILT_PRODUCTS_DIR; };
		5E5A829A2BD3F6E8006379D5 /* AppDelegate.swift */ = {isa = PBXFileReference; lastKnownFileType = sourcecode.swift; path = AppDelegate.swift; sourceTree = "<group>"; };
		5E5A829C2BD3F6E8006379D5 /* SceneDelegate.swift */ = {isa = PBXFileReference; lastKnownFileType = sourcecode.swift; path = SceneDelegate.swift; sourceTree = "<group>"; };
		5E5A829E2BD3F6E8006379D5 /* HomeVC.swift */ = {isa = PBXFileReference; lastKnownFileType = sourcecode.swift; path = HomeVC.swift; sourceTree = "<group>"; };
		5E5A82A12BD3F6E8006379D5 /* Base */ = {isa = PBXFileReference; lastKnownFileType = file.storyboard; name = Base; path = Base.lproj/Main.storyboard; sourceTree = "<group>"; };
		5E5A82A32BD3F6ED006379D5 /* Assets.xcassets */ = {isa = PBXFileReference; lastKnownFileType = folder.assetcatalog; path = Assets.xcassets; sourceTree = "<group>"; };
		5E5A82A62BD3F6ED006379D5 /* Base */ = {isa = PBXFileReference; lastKnownFileType = file.storyboard; name = Base; path = Base.lproj/LaunchScreen.storyboard; sourceTree = "<group>"; };
		5E5A82A82BD3F6ED006379D5 /* Info.plist */ = {isa = PBXFileReference; lastKnownFileType = text.plist.xml; name = Info.plist; path = "Uber-UIKit/Configuration/Info.plist"; sourceTree = SOURCE_ROOT; };
		5E5A82AD2BD3F6EE006379D5 /* Uber-UIKitTests.xctest */ = {isa = PBXFileReference; explicitFileType = wrapper.cfbundle; includeInIndex = 0; path = "Uber-UIKitTests.xctest"; sourceTree = BUILT_PRODUCTS_DIR; };
		5E5A82B12BD3F6EE006379D5 /* Uber_UIKitTests.swift */ = {isa = PBXFileReference; lastKnownFileType = sourcecode.swift; path = Uber_UIKitTests.swift; sourceTree = "<group>"; };
		5E5A82B72BD3F6EE006379D5 /* Uber-UIKitUITests.xctest */ = {isa = PBXFileReference; explicitFileType = wrapper.cfbundle; includeInIndex = 0; path = "Uber-UIKitUITests.xctest"; sourceTree = BUILT_PRODUCTS_DIR; };
		5E5A82BB2BD3F6EE006379D5 /* Uber_UIKitUITests.swift */ = {isa = PBXFileReference; lastKnownFileType = sourcecode.swift; path = Uber_UIKitUITests.swift; sourceTree = "<group>"; };
		5E5A82BD2BD3F6EE006379D5 /* Uber_UIKitUITestsLaunchTests.swift */ = {isa = PBXFileReference; lastKnownFileType = sourcecode.swift; path = Uber_UIKitUITestsLaunchTests.swift; sourceTree = "<group>"; };
		5E5A82D42BD401FF006379D5 /* ServicesVC.swift */ = {isa = PBXFileReference; lastKnownFileType = sourcecode.swift; path = ServicesVC.swift; sourceTree = "<group>"; };
		5E5A82D82BD4023A006379D5 /* ActivityVC.swift */ = {isa = PBXFileReference; lastKnownFileType = sourcecode.swift; path = ActivityVC.swift; sourceTree = "<group>"; };
		5E5A82DC2BD40251006379D5 /* AccountVC.swift */ = {isa = PBXFileReference; lastKnownFileType = sourcecode.swift; path = AccountVC.swift; sourceTree = "<group>"; };
		5E5A82F02BD5204E006379D5 /* UberMoveBold.otf */ = {isa = PBXFileReference; lastKnownFileType = file; path = UberMoveBold.otf; sourceTree = "<group>"; };
		5E5A82F12BD5204E006379D5 /* Uber Move Medium.otf */ = {isa = PBXFileReference; lastKnownFileType = file; path = "Uber Move Medium.otf"; sourceTree = "<group>"; };
		5E5A82F22BD5204E006379D5 /* Uber Move Bold.ttf */ = {isa = PBXFileReference; lastKnownFileType = file; path = "Uber Move Bold.ttf"; sourceTree = "<group>"; };
		5E5A82F32BD5204F006379D5 /* Uber Move Bold.otf */ = {isa = PBXFileReference; lastKnownFileType = file; path = "Uber Move Bold.otf"; sourceTree = "<group>"; };
		5E5A82F42BD5204F006379D5 /* Uber Move Medium.ttf */ = {isa = PBXFileReference; lastKnownFileType = file; path = "Uber Move Medium.ttf"; sourceTree = "<group>"; };
		5E5A82F52BD5204F006379D5 /* UberMoveMedium.otf */ = {isa = PBXFileReference; lastKnownFileType = file; path = UberMoveMedium.otf; sourceTree = "<group>"; };
		5E5A82FC2BD52363006379D5 /* ColorAssets.xcassets */ = {isa = PBXFileReference; lastKnownFileType = folder.assetcatalog; path = ColorAssets.xcassets; sourceTree = "<group>"; };
		5E5A82FE2BD527FE006379D5 /* HomeVC+TableView.swift */ = {isa = PBXFileReference; lastKnownFileType = sourcecode.swift; path = "HomeVC+TableView.swift"; sourceTree = "<group>"; };
		5E5A83002BD528FE006379D5 /* HomeVC+InitialSetup.swift */ = {isa = PBXFileReference; lastKnownFileType = sourcecode.swift; path = "HomeVC+InitialSetup.swift"; sourceTree = "<group>"; };
		5E5A830A2BD52B6B006379D5 /* EnterLocationPromptCell.swift */ = {isa = PBXFileReference; lastKnownFileType = sourcecode.swift; path = EnterLocationPromptCell.swift; sourceTree = "<group>"; };
		5E5A830B2BD52B6B006379D5 /* EnterLocationPromptCell.xib */ = {isa = PBXFileReference; lastKnownFileType = file.xib; path = EnterLocationPromptCell.xib; sourceTree = "<group>"; };
		5E5A83192BD52E20006379D5 /* TableViewCellIdentifierEnums.swift */ = {isa = PBXFileReference; lastKnownFileType = sourcecode.swift; path = TableViewCellIdentifierEnums.swift; sourceTree = "<group>"; };
/* End PBXFileReference section */

/* Begin PBXFrameworksBuildPhase section */
		5E5A82942BD3F6E8006379D5 /* Frameworks */ = {
			isa = PBXFrameworksBuildPhase;
			buildActionMask = 2147483647;
			files = (
			);
			runOnlyForDeploymentPostprocessing = 0;
		};
		5E5A82AA2BD3F6EE006379D5 /* Frameworks */ = {
			isa = PBXFrameworksBuildPhase;
			buildActionMask = 2147483647;
			files = (
			);
			runOnlyForDeploymentPostprocessing = 0;
		};
		5E5A82B42BD3F6EE006379D5 /* Frameworks */ = {
			isa = PBXFrameworksBuildPhase;
			buildActionMask = 2147483647;
			files = (
			);
			runOnlyForDeploymentPostprocessing = 0;
		};
/* End PBXFrameworksBuildPhase section */

/* Begin PBXGroup section */
		5E5A828E2BD3F6E8006379D5 = {
			isa = PBXGroup;
			children = (
				5E5A82992BD3F6E8006379D5 /* Uber-UIKit */,
				5E5A82B02BD3F6EE006379D5 /* Uber-UIKitTests */,
				5E5A82BA2BD3F6EE006379D5 /* Uber-UIKitUITests */,
				5E5A82982BD3F6E8006379D5 /* Products */,
			);
			sourceTree = "<group>";
		};
		5E5A82982BD3F6E8006379D5 /* Products */ = {
			isa = PBXGroup;
			children = (
				5E5A82972BD3F6E8006379D5 /* Uber-UIKit.app */,
				5E5A82AD2BD3F6EE006379D5 /* Uber-UIKitTests.xctest */,
				5E5A82B72BD3F6EE006379D5 /* Uber-UIKitUITests.xctest */,
			);
			name = Products;
			sourceTree = "<group>";
		};
		5E5A82992BD3F6E8006379D5 /* Uber-UIKit */ = {
			isa = PBXGroup;
			children = (
				5E5A82CD2BD3F8D2006379D5 /* Delegates */,
				5E5A82CF2BD3F976006379D5 /* MVVM */,
				5E5A82CA2BD3F808006379D5 /* UI */,
				5E5A82D32BD3FA15006379D5 /* Services */,
				5E5A82E82BD51D94006379D5 /* Resources */,
				5E5A82D22BD3F9F9006379D5 /* Configuration */,
			);
			path = "Uber-UIKit";
			sourceTree = "<group>";
		};
		5E5A82B02BD3F6EE006379D5 /* Uber-UIKitTests */ = {
			isa = PBXGroup;
			children = (
				5E5A82B12BD3F6EE006379D5 /* Uber_UIKitTests.swift */,
			);
			path = "Uber-UIKitTests";
			sourceTree = "<group>";
		};
		5E5A82BA2BD3F6EE006379D5 /* Uber-UIKitUITests */ = {
			isa = PBXGroup;
			children = (
				5E5A82BB2BD3F6EE006379D5 /* Uber_UIKitUITests.swift */,
				5E5A82BD2BD3F6EE006379D5 /* Uber_UIKitUITestsLaunchTests.swift */,
			);
			path = "Uber-UIKitUITests";
			sourceTree = "<group>";
		};
		5E5A82CA2BD3F808006379D5 /* UI */ = {
			isa = PBXGroup;
			children = (
				5E5A82CC2BD3F86C006379D5 /* Storyboards */,
				5E5A83072BD529F0006379D5 /* XIBs */,
				5E5A82CB2BD3F857006379D5 /* Launchscreen */,
			);
			path = UI;
			sourceTree = "<group>";
		};
		5E5A82CB2BD3F857006379D5 /* Launchscreen */ = {
			isa = PBXGroup;
			children = (
				5E5A82A52BD3F6ED006379D5 /* LaunchScreen.storyboard */,
			);
			path = Launchscreen;
			sourceTree = "<group>";
		};
		5E5A82CC2BD3F86C006379D5 /* Storyboards */ = {
			isa = PBXGroup;
			children = (
				5E5A82A02BD3F6E8006379D5 /* Main.storyboard */,
			);
			path = Storyboards;
			sourceTree = "<group>";
		};
		5E5A82CD2BD3F8D2006379D5 /* Delegates */ = {
			isa = PBXGroup;
			children = (
				5E5A829A2BD3F6E8006379D5 /* AppDelegate.swift */,
				5E5A829C2BD3F6E8006379D5 /* SceneDelegate.swift */,
			);
			path = Delegates;
			sourceTree = "<group>";
		};
		5E5A82CE2BD3F906006379D5 /* View */ = {
			isa = PBXGroup;
			children = (
				5E5A83152BD52CE2006379D5 /* ModuleViews */,
				5E5A83142BD52CBE006379D5 /* Cells */,
			);
			path = View;
			sourceTree = "<group>";
		};
		5E5A82CF2BD3F976006379D5 /* MVVM */ = {
			isa = PBXGroup;
			children = (
				5E5A82D02BD3F980006379D5 /* Model */,
				5E5A82CE2BD3F906006379D5 /* View */,
				5E5A82D12BD3F98A006379D5 /* ViewModel */,
			);
			path = MVVM;
			sourceTree = "<group>";
		};
		5E5A82D02BD3F980006379D5 /* Model */ = {
			isa = PBXGroup;
			children = (
			);
			path = Model;
			sourceTree = "<group>";
		};
		5E5A82D12BD3F98A006379D5 /* ViewModel */ = {
			isa = PBXGroup;
			children = (
			);
			path = ViewModel;
			sourceTree = "<group>";
		};
		5E5A82D22BD3F9F9006379D5 /* Configuration */ = {
			isa = PBXGroup;
			children = (
				5E5A82A82BD3F6ED006379D5 /* Info.plist */,
				5E5A83062BD529AE006379D5 /* UberAssets */,
			);
			path = Configuration;
			sourceTree = "<group>";
		};
		5E5A82D32BD3FA15006379D5 /* Services */ = {
			isa = PBXGroup;
			children = (
			);
			path = Services;
			sourceTree = "<group>";
		};
		5E5A82E02BD40364006379D5 /* Home */ = {
			isa = PBXGroup;
			children = (
				5E5A829E2BD3F6E8006379D5 /* HomeVC.swift */,
				5E5A83002BD528FE006379D5 /* HomeVC+InitialSetup.swift */,
				5E5A82FE2BD527FE006379D5 /* HomeVC+TableView.swift */,
			);
			path = Home;
			sourceTree = "<group>";
		};
		5E5A82E12BD4036A006379D5 /* Services */ = {
			isa = PBXGroup;
			children = (
				5E5A82D42BD401FF006379D5 /* ServicesVC.swift */,
			);
			path = Services;
			sourceTree = "<group>";
		};
		5E5A82E22BD40386006379D5 /* Activity */ = {
			isa = PBXGroup;
			children = (
				5E5A82D82BD4023A006379D5 /* ActivityVC.swift */,
			);
			path = Activity;
			sourceTree = "<group>";
		};
		5E5A82E32BD40398006379D5 /* Account */ = {
			isa = PBXGroup;
			children = (
				5E5A82DC2BD40251006379D5 /* AccountVC.swift */,
			);
			path = Account;
			sourceTree = "<group>";
		};
		5E5A82E82BD51D94006379D5 /* Resources */ = {
			isa = PBXGroup;
			children = (
				5E5A83172BD52DD1006379D5 /* Helpers */,
				5E5A82E92BD51EB4006379D5 /* Fonts */,
			);
			path = Resources;
			sourceTree = "<group>";
		};
		5E5A82E92BD51EB4006379D5 /* Fonts */ = {
			isa = PBXGroup;
			children = (
				5E5A82F32BD5204F006379D5 /* Uber Move Bold.otf */,
				5E5A82F22BD5204E006379D5 /* Uber Move Bold.ttf */,
				5E5A82F12BD5204E006379D5 /* Uber Move Medium.otf */,
				5E5A82F42BD5204F006379D5 /* Uber Move Medium.ttf */,
				5E5A82F02BD5204E006379D5 /* UberMoveBold.otf */,
				5E5A82F52BD5204F006379D5 /* UberMoveMedium.otf */,
			);
			path = Fonts;
			sourceTree = "<group>";
		};
		5E5A83062BD529AE006379D5 /* UberAssets */ = {
			isa = PBXGroup;
			children = (
				5E5A82A32BD3F6ED006379D5 /* Assets.xcassets */,
				5E5A82FC2BD52363006379D5 /* ColorAssets.xcassets */,
			);
			path = UberAssets;
			sourceTree = "<group>";
		};
		5E5A83072BD529F0006379D5 /* XIBs */ = {
			isa = PBXGroup;
			children = (
				5E5A83082BD52AF9006379D5 /* TableViewXIBs */,
				5E5A83092BD52B04006379D5 /* CollectionViewXIBs */,
			);
			path = XIBs;
			sourceTree = "<group>";
		};
		5E5A83082BD52AF9006379D5 /* TableViewXIBs */ = {
			isa = PBXGroup;
			children = (
				5E5A830B2BD52B6B006379D5 /* EnterLocationPromptCell.xib */,
			);
			path = TableViewXIBs;
			sourceTree = "<group>";
		};
		5E5A83092BD52B04006379D5 /* CollectionViewXIBs */ = {
			isa = PBXGroup;
			children = (
			);
			path = CollectionViewXIBs;
			sourceTree = "<group>";
		};
		5E5A83122BD52C7C006379D5 /* TableViewCells */ = {
			isa = PBXGroup;
			children = (
				5E5A83162BD52D32006379D5 /* EnterLocationPrompt */,
			);
			path = TableViewCells;
			sourceTree = "<group>";
		};
		5E5A83132BD52CA9006379D5 /* CollectionViewCells */ = {
			isa = PBXGroup;
			children = (
			);
			path = CollectionViewCells;
			sourceTree = "<group>";
		};
		5E5A83142BD52CBE006379D5 /* Cells */ = {
			isa = PBXGroup;
			children = (
				5E5A83122BD52C7C006379D5 /* TableViewCells */,
				5E5A83132BD52CA9006379D5 /* CollectionViewCells */,
			);
			path = Cells;
			sourceTree = "<group>";
		};
		5E5A83152BD52CE2006379D5 /* ModuleViews */ = {
			isa = PBXGroup;
			children = (
				5E5A82E02BD40364006379D5 /* Home */,
				5E5A82E12BD4036A006379D5 /* Services */,
				5E5A82E22BD40386006379D5 /* Activity */,
				5E5A82E32BD40398006379D5 /* Account */,
			);
			path = ModuleViews;
			sourceTree = "<group>";
		};
		5E5A83162BD52D32006379D5 /* EnterLocationPrompt */ = {
			isa = PBXGroup;
			children = (
				5E5A830A2BD52B6B006379D5 /* EnterLocationPromptCell.swift */,
			);
			path = EnterLocationPrompt;
			sourceTree = "<group>";
		};
		5E5A83172BD52DD1006379D5 /* Helpers */ = {
			isa = PBXGroup;
			children = (
				5E5A83182BD52DDC006379D5 /* Enums */,
			);
			path = Helpers;
			sourceTree = "<group>";
		};
		5E5A83182BD52DDC006379D5 /* Enums */ = {
			isa = PBXGroup;
			children = (
				5E5A83192BD52E20006379D5 /* TableViewCellIdentifierEnums.swift */,
			);
			path = Enums;
			sourceTree = "<group>";
		};
/* End PBXGroup section */

/* Begin PBXNativeTarget section */
		5E5A82962BD3F6E8006379D5 /* Uber-UIKit */ = {
			isa = PBXNativeTarget;
			buildConfigurationList = 5E5A82C12BD3F6EE006379D5 /* Build configuration list for PBXNativeTarget "Uber-UIKit" */;
			buildPhases = (
				5E5A82932BD3F6E8006379D5 /* Sources */,
				5E5A82942BD3F6E8006379D5 /* Frameworks */,
				5E5A82952BD3F6E8006379D5 /* Resources */,
			);
			buildRules = (
			);
			dependencies = (
			);
			name = "Uber-UIKit";
			productName = "Uber-UIKit";
			productReference = 5E5A82972BD3F6E8006379D5 /* Uber-UIKit.app */;
			productType = "com.apple.product-type.application";
		};
		5E5A82AC2BD3F6EE006379D5 /* Uber-UIKitTests */ = {
			isa = PBXNativeTarget;
			buildConfigurationList = 5E5A82C42BD3F6EE006379D5 /* Build configuration list for PBXNativeTarget "Uber-UIKitTests" */;
			buildPhases = (
				5E5A82A92BD3F6EE006379D5 /* Sources */,
				5E5A82AA2BD3F6EE006379D5 /* Frameworks */,
				5E5A82AB2BD3F6EE006379D5 /* Resources */,
			);
			buildRules = (
			);
			dependencies = (
				5E5A82AF2BD3F6EE006379D5 /* PBXTargetDependency */,
			);
			name = "Uber-UIKitTests";
			productName = "Uber-UIKitTests";
			productReference = 5E5A82AD2BD3F6EE006379D5 /* Uber-UIKitTests.xctest */;
			productType = "com.apple.product-type.bundle.unit-test";
		};
		5E5A82B62BD3F6EE006379D5 /* Uber-UIKitUITests */ = {
			isa = PBXNativeTarget;
			buildConfigurationList = 5E5A82C72BD3F6EE006379D5 /* Build configuration list for PBXNativeTarget "Uber-UIKitUITests" */;
			buildPhases = (
				5E5A82B32BD3F6EE006379D5 /* Sources */,
				5E5A82B42BD3F6EE006379D5 /* Frameworks */,
				5E5A82B52BD3F6EE006379D5 /* Resources */,
			);
			buildRules = (
			);
			dependencies = (
				5E5A82B92BD3F6EE006379D5 /* PBXTargetDependency */,
			);
			name = "Uber-UIKitUITests";
			productName = "Uber-UIKitUITests";
			productReference = 5E5A82B72BD3F6EE006379D5 /* Uber-UIKitUITests.xctest */;
			productType = "com.apple.product-type.bundle.ui-testing";
		};
/* End PBXNativeTarget section */

/* Begin PBXProject section */
		5E5A828F2BD3F6E8006379D5 /* Project object */ = {
			isa = PBXProject;
			attributes = {
				BuildIndependentTargetsInParallel = 1;
				LastSwiftUpdateCheck = 1520;
				LastUpgradeCheck = 1520;
				TargetAttributes = {
					5E5A82962BD3F6E8006379D5 = {
						CreatedOnToolsVersion = 15.2;
					};
					5E5A82AC2BD3F6EE006379D5 = {
						CreatedOnToolsVersion = 15.2;
						TestTargetID = 5E5A82962BD3F6E8006379D5;
					};
					5E5A82B62BD3F6EE006379D5 = {
						CreatedOnToolsVersion = 15.2;
						TestTargetID = 5E5A82962BD3F6E8006379D5;
					};
				};
			};
			buildConfigurationList = 5E5A82922BD3F6E8006379D5 /* Build configuration list for PBXProject "Uber-UIKit" */;
			compatibilityVersion = "Xcode 14.0";
			developmentRegion = en;
			hasScannedForEncodings = 0;
			knownRegions = (
				en,
				Base,
			);
			mainGroup = 5E5A828E2BD3F6E8006379D5;
			productRefGroup = 5E5A82982BD3F6E8006379D5 /* Products */;
			projectDirPath = "";
			projectRoot = "";
			targets = (
				5E5A82962BD3F6E8006379D5 /* Uber-UIKit */,
				5E5A82AC2BD3F6EE006379D5 /* Uber-UIKitTests */,
				5E5A82B62BD3F6EE006379D5 /* Uber-UIKitUITests */,
			);
		};
/* End PBXProject section */

/* Begin PBXResourcesBuildPhase section */
		5E5A82952BD3F6E8006379D5 /* Resources */ = {
			isa = PBXResourcesBuildPhase;
			buildActionMask = 2147483647;
			files = (
				5E5A82FD2BD52363006379D5 /* ColorAssets.xcassets in Resources */,
				5E5A830F2BD52B6B006379D5 /* EnterLocationPromptCell.xib in Resources */,
				5E5A82F62BD5218C006379D5 /* Uber Move Bold.otf in Resources */,
				5E5A82F72BD5218C006379D5 /* Uber Move Bold.ttf in Resources */,
				5E5A82F82BD5218C006379D5 /* Uber Move Medium.otf in Resources */,
				5E5A82F92BD5218C006379D5 /* Uber Move Medium.ttf in Resources */,
				5E5A82FA2BD5218C006379D5 /* UberMoveBold.otf in Resources */,
				5E5A82FB2BD5218C006379D5 /* UberMoveMedium.otf in Resources */,
				5E5A82A72BD3F6ED006379D5 /* LaunchScreen.storyboard in Resources */,
				5E5A82A42BD3F6ED006379D5 /* Assets.xcassets in Resources */,
				5E5A82A22BD3F6E8006379D5 /* Main.storyboard in Resources */,
			);
			runOnlyForDeploymentPostprocessing = 0;
		};
		5E5A82AB2BD3F6EE006379D5 /* Resources */ = {
			isa = PBXResourcesBuildPhase;
			buildActionMask = 2147483647;
			files = (
				5E5A83102BD52B6B006379D5 /* EnterLocationPromptCell.xib in Resources */,
			);
			runOnlyForDeploymentPostprocessing = 0;
		};
		5E5A82B52BD3F6EE006379D5 /* Resources */ = {
			isa = PBXResourcesBuildPhase;
			buildActionMask = 2147483647;
			files = (
				5E5A83112BD52B6B006379D5 /* EnterLocationPromptCell.xib in Resources */,
			);
			runOnlyForDeploymentPostprocessing = 0;
		};
/* End PBXResourcesBuildPhase section */

/* Begin PBXSourcesBuildPhase section */
		5E5A82932BD3F6E8006379D5 /* Sources */ = {
			isa = PBXSourcesBuildPhase;
			buildActionMask = 2147483647;
			files = (
				5E5A82D52BD401FF006379D5 /* ServicesVC.swift in Sources */,
				5E5A82D92BD4023A006379D5 /* ActivityVC.swift in Sources */,
				5E5A82FF2BD527FE006379D5 /* HomeVC+TableView.swift in Sources */,
				5E5A831A2BD52E20006379D5 /* TableViewCellIdentifierEnums.swift in Sources */,
				5E5A82DD2BD40251006379D5 /* AccountVC.swift in Sources */,
				5E5A83012BD528FE006379D5 /* HomeVC+InitialSetup.swift in Sources */,
				5E5A829F2BD3F6E8006379D5 /* HomeVC.swift in Sources */,
				5E5A830C2BD52B6B006379D5 /* EnterLocationPromptCell.swift in Sources */,
				5E5A829B2BD3F6E8006379D5 /* AppDelegate.swift in Sources */,
				5E5A829D2BD3F6E8006379D5 /* SceneDelegate.swift in Sources */,
			);
			runOnlyForDeploymentPostprocessing = 0;
		};
		5E5A82A92BD3F6EE006379D5 /* Sources */ = {
			isa = PBXSourcesBuildPhase;
			buildActionMask = 2147483647;
			files = (
				5E5A82DE2BD40251006379D5 /* AccountVC.swift in Sources */,
				5E5A82DA2BD4023A006379D5 /* ActivityVC.swift in Sources */,
				5E5A83022BD528FE006379D5 /* HomeVC+InitialSetup.swift in Sources */,
				5E5A82D62BD401FF006379D5 /* ServicesVC.swift in Sources */,
				5E5A82B22BD3F6EE006379D5 /* Uber_UIKitTests.swift in Sources */,
				5E5A830D2BD52B6B006379D5 /* EnterLocationPromptCell.swift in Sources */,
				5E5A83042BD52907006379D5 /* HomeVC+TableView.swift in Sources */,
				5E5A831B2BD52E20006379D5 /* TableViewCellIdentifierEnums.swift in Sources */,
			);
			runOnlyForDeploymentPostprocessing = 0;
		};
		5E5A82B32BD3F6EE006379D5 /* Sources */ = {
			isa = PBXSourcesBuildPhase;
			buildActionMask = 2147483647;
			files = (
				5E5A82BC2BD3F6EE006379D5 /* Uber_UIKitUITests.swift in Sources */,
				5E5A830E2BD52B6B006379D5 /* EnterLocationPromptCell.swift in Sources */,
				5E5A82DF2BD40251006379D5 /* AccountVC.swift in Sources */,
				5E5A83032BD528FE006379D5 /* HomeVC+InitialSetup.swift in Sources */,
				5E5A82DB2BD4023A006379D5 /* ActivityVC.swift in Sources */,
				5E5A82D72BD401FF006379D5 /* ServicesVC.swift in Sources */,
				5E5A831C2BD52E20006379D5 /* TableViewCellIdentifierEnums.swift in Sources */,
				5E5A83052BD52908006379D5 /* HomeVC+TableView.swift in Sources */,
				5E5A82BE2BD3F6EE006379D5 /* Uber_UIKitUITestsLaunchTests.swift in Sources */,
			);
			runOnlyForDeploymentPostprocessing = 0;
		};
/* End PBXSourcesBuildPhase section */

/* Begin PBXTargetDependency section */
		5E5A82AF2BD3F6EE006379D5 /* PBXTargetDependency */ = {
			isa = PBXTargetDependency;
			target = 5E5A82962BD3F6E8006379D5 /* Uber-UIKit */;
			targetProxy = 5E5A82AE2BD3F6EE006379D5 /* PBXContainerItemProxy */;
		};
		5E5A82B92BD3F6EE006379D5 /* PBXTargetDependency */ = {
			isa = PBXTargetDependency;
			target = 5E5A82962BD3F6E8006379D5 /* Uber-UIKit */;
			targetProxy = 5E5A82B82BD3F6EE006379D5 /* PBXContainerItemProxy */;
		};
/* End PBXTargetDependency section */

/* Begin PBXVariantGroup section */
		5E5A82A02BD3F6E8006379D5 /* Main.storyboard */ = {
			isa = PBXVariantGroup;
			children = (
				5E5A82A12BD3F6E8006379D5 /* Base */,
			);
			name = Main.storyboard;
			sourceTree = "<group>";
		};
		5E5A82A52BD3F6ED006379D5 /* LaunchScreen.storyboard */ = {
			isa = PBXVariantGroup;
			children = (
				5E5A82A62BD3F6ED006379D5 /* Base */,
			);
			name = LaunchScreen.storyboard;
			sourceTree = "<group>";
		};
/* End PBXVariantGroup section */

/* Begin XCBuildConfiguration section */
		5E5A82BF2BD3F6EE006379D5 /* Debug */ = {
			isa = XCBuildConfiguration;
			buildSettings = {
				ALWAYS_SEARCH_USER_PATHS = NO;
				ASSETCATALOG_COMPILER_GENERATE_SWIFT_ASSET_SYMBOL_EXTENSIONS = YES;
				CLANG_ANALYZER_NONNULL = YES;
				CLANG_ANALYZER_NUMBER_OBJECT_CONVERSION = YES_AGGRESSIVE;
				CLANG_CXX_LANGUAGE_STANDARD = "gnu++20";
				CLANG_ENABLE_MODULES = YES;
				CLANG_ENABLE_OBJC_ARC = YES;
				CLANG_ENABLE_OBJC_WEAK = YES;
				CLANG_WARN_BLOCK_CAPTURE_AUTORELEASING = YES;
				CLANG_WARN_BOOL_CONVERSION = YES;
				CLANG_WARN_COMMA = YES;
				CLANG_WARN_CONSTANT_CONVERSION = YES;
				CLANG_WARN_DEPRECATED_OBJC_IMPLEMENTATIONS = YES;
				CLANG_WARN_DIRECT_OBJC_ISA_USAGE = YES_ERROR;
				CLANG_WARN_DOCUMENTATION_COMMENTS = YES;
				CLANG_WARN_EMPTY_BODY = YES;
				CLANG_WARN_ENUM_CONVERSION = YES;
				CLANG_WARN_INFINITE_RECURSION = YES;
				CLANG_WARN_INT_CONVERSION = YES;
				CLANG_WARN_NON_LITERAL_NULL_CONVERSION = YES;
				CLANG_WARN_OBJC_IMPLICIT_RETAIN_SELF = YES;
				CLANG_WARN_OBJC_LITERAL_CONVERSION = YES;
				CLANG_WARN_OBJC_ROOT_CLASS = YES_ERROR;
				CLANG_WARN_QUOTED_INCLUDE_IN_FRAMEWORK_HEADER = YES;
				CLANG_WARN_RANGE_LOOP_ANALYSIS = YES;
				CLANG_WARN_STRICT_PROTOTYPES = YES;
				CLANG_WARN_SUSPICIOUS_MOVE = YES;
				CLANG_WARN_UNGUARDED_AVAILABILITY = YES_AGGRESSIVE;
				CLANG_WARN_UNREACHABLE_CODE = YES;
				CLANG_WARN__DUPLICATE_METHOD_MATCH = YES;
				COPY_PHASE_STRIP = NO;
				DEBUG_INFORMATION_FORMAT = dwarf;
				ENABLE_STRICT_OBJC_MSGSEND = YES;
				ENABLE_TESTABILITY = YES;
				ENABLE_USER_SCRIPT_SANDBOXING = YES;
				GCC_C_LANGUAGE_STANDARD = gnu17;
				GCC_DYNAMIC_NO_PIC = NO;
				GCC_NO_COMMON_BLOCKS = YES;
				GCC_OPTIMIZATION_LEVEL = 0;
				GCC_PREPROCESSOR_DEFINITIONS = (
					"DEBUG=1",
					"$(inherited)",
				);
				GCC_WARN_64_TO_32_BIT_CONVERSION = YES;
				GCC_WARN_ABOUT_RETURN_TYPE = YES_ERROR;
				GCC_WARN_UNDECLARED_SELECTOR = YES;
				GCC_WARN_UNINITIALIZED_AUTOS = YES_AGGRESSIVE;
				GCC_WARN_UNUSED_FUNCTION = YES;
				GCC_WARN_UNUSED_VARIABLE = YES;
				IPHONEOS_DEPLOYMENT_TARGET = 16.2;
				LOCALIZATION_PREFERS_STRING_CATALOGS = YES;
				MTL_ENABLE_DEBUG_INFO = INCLUDE_SOURCE;
				MTL_FAST_MATH = YES;
				ONLY_ACTIVE_ARCH = YES;
				SDKROOT = iphoneos;
				SWIFT_ACTIVE_COMPILATION_CONDITIONS = "DEBUG $(inherited)";
				SWIFT_OPTIMIZATION_LEVEL = "-Onone";
			};
			name = Debug;
		};
		5E5A82C02BD3F6EE006379D5 /* Release */ = {
			isa = XCBuildConfiguration;
			buildSettings = {
				ALWAYS_SEARCH_USER_PATHS = NO;
				ASSETCATALOG_COMPILER_GENERATE_SWIFT_ASSET_SYMBOL_EXTENSIONS = YES;
				CLANG_ANALYZER_NONNULL = YES;
				CLANG_ANALYZER_NUMBER_OBJECT_CONVERSION = YES_AGGRESSIVE;
				CLANG_CXX_LANGUAGE_STANDARD = "gnu++20";
				CLANG_ENABLE_MODULES = YES;
				CLANG_ENABLE_OBJC_ARC = YES;
				CLANG_ENABLE_OBJC_WEAK = YES;
				CLANG_WARN_BLOCK_CAPTURE_AUTORELEASING = YES;
				CLANG_WARN_BOOL_CONVERSION = YES;
				CLANG_WARN_COMMA = YES;
				CLANG_WARN_CONSTANT_CONVERSION = YES;
				CLANG_WARN_DEPRECATED_OBJC_IMPLEMENTATIONS = YES;
				CLANG_WARN_DIRECT_OBJC_ISA_USAGE = YES_ERROR;
				CLANG_WARN_DOCUMENTATION_COMMENTS = YES;
				CLANG_WARN_EMPTY_BODY = YES;
				CLANG_WARN_ENUM_CONVERSION = YES;
				CLANG_WARN_INFINITE_RECURSION = YES;
				CLANG_WARN_INT_CONVERSION = YES;
				CLANG_WARN_NON_LITERAL_NULL_CONVERSION = YES;
				CLANG_WARN_OBJC_IMPLICIT_RETAIN_SELF = YES;
				CLANG_WARN_OBJC_LITERAL_CONVERSION = YES;
				CLANG_WARN_OBJC_ROOT_CLASS = YES_ERROR;
				CLANG_WARN_QUOTED_INCLUDE_IN_FRAMEWORK_HEADER = YES;
				CLANG_WARN_RANGE_LOOP_ANALYSIS = YES;
				CLANG_WARN_STRICT_PROTOTYPES = YES;
				CLANG_WARN_SUSPICIOUS_MOVE = YES;
				CLANG_WARN_UNGUARDED_AVAILABILITY = YES_AGGRESSIVE;
				CLANG_WARN_UNREACHABLE_CODE = YES;
				CLANG_WARN__DUPLICATE_METHOD_MATCH = YES;
				COPY_PHASE_STRIP = NO;
				DEBUG_INFORMATION_FORMAT = "dwarf-with-dsym";
				ENABLE_NS_ASSERTIONS = NO;
				ENABLE_STRICT_OBJC_MSGSEND = YES;
				ENABLE_USER_SCRIPT_SANDBOXING = YES;
				GCC_C_LANGUAGE_STANDARD = gnu17;
				GCC_NO_COMMON_BLOCKS = YES;
				GCC_WARN_64_TO_32_BIT_CONVERSION = YES;
				GCC_WARN_ABOUT_RETURN_TYPE = YES_ERROR;
				GCC_WARN_UNDECLARED_SELECTOR = YES;
				GCC_WARN_UNINITIALIZED_AUTOS = YES_AGGRESSIVE;
				GCC_WARN_UNUSED_FUNCTION = YES;
				GCC_WARN_UNUSED_VARIABLE = YES;
				IPHONEOS_DEPLOYMENT_TARGET = 16.2;
				LOCALIZATION_PREFERS_STRING_CATALOGS = YES;
				MTL_ENABLE_DEBUG_INFO = NO;
				MTL_FAST_MATH = YES;
				SDKROOT = iphoneos;
				SWIFT_COMPILATION_MODE = wholemodule;
				VALIDATE_PRODUCT = YES;
			};
			name = Release;
		};
		5E5A82C22BD3F6EE006379D5 /* Debug */ = {
			isa = XCBuildConfiguration;
			buildSettings = {
				ASSETCATALOG_COMPILER_APPICON_NAME = AppIcon;
				ASSETCATALOG_COMPILER_GLOBAL_ACCENT_COLOR_NAME = AccentColor;
				CODE_SIGN_STYLE = Automatic;
				CURRENT_PROJECT_VERSION = 1;
				DEVELOPMENT_TEAM = Q56Y866QH3;
				GENERATE_INFOPLIST_FILE = YES;
				INFOPLIST_FILE = "Uber-UIKit/Configuration/Info.plist";
				INFOPLIST_KEY_CFBundleDisplayName = Uber;
				INFOPLIST_KEY_LSApplicationCategoryType = "public.app-category.travel";
				INFOPLIST_KEY_UIApplicationSupportsIndirectInputEvents = YES;
				INFOPLIST_KEY_UILaunchStoryboardName = LaunchScreen.storyboard;
				INFOPLIST_KEY_UIMainStoryboardFile = Main;
				INFOPLIST_KEY_UISupportedInterfaceOrientations = UIInterfaceOrientationPortrait;
				INFOPLIST_KEY_UISupportedInterfaceOrientations_iPad = "UIInterfaceOrientationPortrait UIInterfaceOrientationPortraitUpsideDown";
				IPHONEOS_DEPLOYMENT_TARGET = 16.2;
				LD_RUNPATH_SEARCH_PATHS = (
					"$(inherited)",
					"@executable_path/Frameworks",
				);
				MARKETING_VERSION = 1.0;
				PRODUCT_BUNDLE_IDENTIFIER = "com.swantan.Uber-UIKit";
				PRODUCT_NAME = "$(TARGET_NAME)";
				SWIFT_EMIT_LOC_STRINGS = YES;
				SWIFT_VERSION = 5.0;
				TARGETED_DEVICE_FAMILY = 1;
			};
			name = Debug;
		};
		5E5A82C32BD3F6EE006379D5 /* Release */ = {
			isa = XCBuildConfiguration;
			buildSettings = {
				ASSETCATALOG_COMPILER_APPICON_NAME = AppIcon;
				ASSETCATALOG_COMPILER_GLOBAL_ACCENT_COLOR_NAME = AccentColor;
				CODE_SIGN_STYLE = Automatic;
				CURRENT_PROJECT_VERSION = 1;
				DEVELOPMENT_TEAM = Q56Y866QH3;
				GENERATE_INFOPLIST_FILE = YES;
				INFOPLIST_FILE = "Uber-UIKit/Configuration/Info.plist";
				INFOPLIST_KEY_CFBundleDisplayName = Uber;
				INFOPLIST_KEY_LSApplicationCategoryType = "public.app-category.travel";
				INFOPLIST_KEY_UIApplicationSupportsIndirectInputEvents = YES;
				INFOPLIST_KEY_UILaunchStoryboardName = LaunchScreen.storyboard;
				INFOPLIST_KEY_UIMainStoryboardFile = Main;
				INFOPLIST_KEY_UISupportedInterfaceOrientations = UIInterfaceOrientationPortrait;
				INFOPLIST_KEY_UISupportedInterfaceOrientations_iPad = "UIInterfaceOrientationPortrait UIInterfaceOrientationPortraitUpsideDown";
				IPHONEOS_DEPLOYMENT_TARGET = 16.2;
				LD_RUNPATH_SEARCH_PATHS = (
					"$(inherited)",
					"@executable_path/Frameworks",
				);
				MARKETING_VERSION = 1.0;
				PRODUCT_BUNDLE_IDENTIFIER = "com.swantan.Uber-UIKit";
				PRODUCT_NAME = "$(TARGET_NAME)";
				SWIFT_EMIT_LOC_STRINGS = YES;
				SWIFT_VERSION = 5.0;
				TARGETED_DEVICE_FAMILY = 1;
			};
			name = Release;
		};
		5E5A82C52BD3F6EE006379D5 /* Debug */ = {
			isa = XCBuildConfiguration;
			buildSettings = {
				ALWAYS_EMBED_SWIFT_STANDARD_LIBRARIES = YES;
				BUNDLE_LOADER = "$(TEST_HOST)";
				CODE_SIGN_STYLE = Automatic;
				CURRENT_PROJECT_VERSION = 1;
				DEVELOPMENT_TEAM = Q56Y866QH3;
				GENERATE_INFOPLIST_FILE = YES;
				IPHONEOS_DEPLOYMENT_TARGET = 17.2;
				MARKETING_VERSION = 1.0;
				PRODUCT_BUNDLE_IDENTIFIER = "com.swantan.Uber-UIKitTests";
				PRODUCT_NAME = "$(TARGET_NAME)";
				SWIFT_EMIT_LOC_STRINGS = NO;
				SWIFT_VERSION = 5.0;
				TARGETED_DEVICE_FAMILY = "1,2";
				TEST_HOST = "$(BUILT_PRODUCTS_DIR)/Uber-UIKit.app/$(BUNDLE_EXECUTABLE_FOLDER_PATH)/Uber-UIKit";
			};
			name = Debug;
		};
		5E5A82C62BD3F6EE006379D5 /* Release */ = {
			isa = XCBuildConfiguration;
			buildSettings = {
				ALWAYS_EMBED_SWIFT_STANDARD_LIBRARIES = YES;
				BUNDLE_LOADER = "$(TEST_HOST)";
				CODE_SIGN_STYLE = Automatic;
				CURRENT_PROJECT_VERSION = 1;
				DEVELOPMENT_TEAM = Q56Y866QH3;
				GENERATE_INFOPLIST_FILE = YES;
				IPHONEOS_DEPLOYMENT_TARGET = 17.2;
				MARKETING_VERSION = 1.0;
				PRODUCT_BUNDLE_IDENTIFIER = "com.swantan.Uber-UIKitTests";
				PRODUCT_NAME = "$(TARGET_NAME)";
				SWIFT_EMIT_LOC_STRINGS = NO;
				SWIFT_VERSION = 5.0;
				TARGETED_DEVICE_FAMILY = "1,2";
				TEST_HOST = "$(BUILT_PRODUCTS_DIR)/Uber-UIKit.app/$(BUNDLE_EXECUTABLE_FOLDER_PATH)/Uber-UIKit";
			};
			name = Release;
		};
		5E5A82C82BD3F6EE006379D5 /* Debug */ = {
			isa = XCBuildConfiguration;
			buildSettings = {
				ALWAYS_EMBED_SWIFT_STANDARD_LIBRARIES = YES;
				CODE_SIGN_STYLE = Automatic;
				CURRENT_PROJECT_VERSION = 1;
				DEVELOPMENT_TEAM = Q56Y866QH3;
				GENERATE_INFOPLIST_FILE = YES;
				MARKETING_VERSION = 1.0;
				PRODUCT_BUNDLE_IDENTIFIER = "com.swantan.Uber-UIKitUITests";
				PRODUCT_NAME = "$(TARGET_NAME)";
				SWIFT_EMIT_LOC_STRINGS = NO;
				SWIFT_VERSION = 5.0;
				TARGETED_DEVICE_FAMILY = "1,2";
				TEST_TARGET_NAME = "Uber-UIKit";
			};
			name = Debug;
		};
		5E5A82C92BD3F6EE006379D5 /* Release */ = {
			isa = XCBuildConfiguration;
			buildSettings = {
				ALWAYS_EMBED_SWIFT_STANDARD_LIBRARIES = YES;
				CODE_SIGN_STYLE = Automatic;
				CURRENT_PROJECT_VERSION = 1;
				DEVELOPMENT_TEAM = Q56Y866QH3;
				GENERATE_INFOPLIST_FILE = YES;
				MARKETING_VERSION = 1.0;
				PRODUCT_BUNDLE_IDENTIFIER = "com.swantan.Uber-UIKitUITests";
				PRODUCT_NAME = "$(TARGET_NAME)";
				SWIFT_EMIT_LOC_STRINGS = NO;
				SWIFT_VERSION = 5.0;
				TARGETED_DEVICE_FAMILY = "1,2";
				TEST_TARGET_NAME = "Uber-UIKit";
			};
			name = Release;
		};
/* End XCBuildConfiguration section */

/* Begin XCConfigurationList section */
		5E5A82922BD3F6E8006379D5 /* Build configuration list for PBXProject "Uber-UIKit" */ = {
			isa = XCConfigurationList;
			buildConfigurations = (
				5E5A82BF2BD3F6EE006379D5 /* Debug */,
				5E5A82C02BD3F6EE006379D5 /* Release */,
			);
			defaultConfigurationIsVisible = 0;
			defaultConfigurationName = Release;
		};
		5E5A82C12BD3F6EE006379D5 /* Build configuration list for PBXNativeTarget "Uber-UIKit" */ = {
			isa = XCConfigurationList;
			buildConfigurations = (
				5E5A82C22BD3F6EE006379D5 /* Debug */,
				5E5A82C32BD3F6EE006379D5 /* Release */,
			);
			defaultConfigurationIsVisible = 0;
			defaultConfigurationName = Release;
		};
		5E5A82C42BD3F6EE006379D5 /* Build configuration list for PBXNativeTarget "Uber-UIKitTests" */ = {
			isa = XCConfigurationList;
			buildConfigurations = (
				5E5A82C52BD3F6EE006379D5 /* Debug */,
				5E5A82C62BD3F6EE006379D5 /* Release */,
			);
			defaultConfigurationIsVisible = 0;
			defaultConfigurationName = Release;
		};
		5E5A82C72BD3F6EE006379D5 /* Build configuration list for PBXNativeTarget "Uber-UIKitUITests" */ = {
			isa = XCConfigurationList;
			buildConfigurations = (
				5E5A82C82BD3F6EE006379D5 /* Debug */,
				5E5A82C92BD3F6EE006379D5 /* Release */,
			);
			defaultConfigurationIsVisible = 0;
			defaultConfigurationName = Release;
		};
/* End XCConfigurationList section */
	};
	rootObject = 5E5A828F2BD3F6E8006379D5 /* Project object */;
}
